
Microsoft Visual Studio Solution File, Format Version 12.00
# Visual Studio Version 16
VisualStudioVersion = 16.0.31702.278
MinimumVisualStudioVersion = 15.0.26124.0
Project("{9A19103F-16F7-4668-BE54-9A1E7A4F7556}") = "API", "API\API.csproj", "{7E4279A8-2C8A-471D-8368-1833B72BE2AB}"
EndProject
Project("{9A19103F-16F7-4668-BE54-9A1E7A4F7556}") = "DB", "DB\DB.csproj", "{5C9E0952-A4D3-4BDA-9318-E9BC2CA2923B}"
EndProject
Project("{9A19103F-16F7-4668-BE54-9A1E7A4F7556}") = "Service", "Service\Service.csproj", "{B8CA06A6-31BD-48D0-9D20-73DD490E5028}"
EndProject
Project("{FAE04EC0-301F-11D3-BF4B-00C04F79EFBC}") = "Generic", "Generic\Generic.csproj", "{C56A0764-79DE-4211-B125-C6461522B7CD}"
EndProject
Global
	GlobalSection(SolutionConfigurationPlatforms) = preSolution
		Debug|Any CPU = Debug|Any CPU
		Debug|x64 = Debug|x64
		Debug|x86 = Debug|x86
		Release|Any CPU = Release|Any CPU
		Release|x64 = Release|x64
		Release|x86 = Release|x86
	EndGlobalSection
	GlobalSection(ProjectConfigurationPlatforms) = postSolution
		{7E4279A8-2C8A-471D-8368-1833B72BE2AB}.Debug|Any CPU.ActiveCfg = Debug|Any CPU
		{7E4279A8-2C8A-471D-8368-1833B72BE2AB}.Debug|Any CPU.Build.0 = Debug|Any CPU
		{7E4279A8-2C8A-471D-8368-1833B72BE2AB}.Debug|x64.ActiveCfg = Debug|Any CPU
		{7E4279A8-2C8A-471D-8368-1833B72BE2AB}.Debug|x64.Build.0 = Debug|Any CPU
		{7E4279A8-2C8A-471D-8368-1833B72BE2AB}.Debug|x86.ActiveCfg = Debug|Any CPU
		{7E4279A8-2C8A-471D-8368-1833B72BE2AB}.Debug|x86.Build.0 = Debug|Any CPU
		{7E4279A8-2C8A-471D-8368-1833B72BE2AB}.Release|Any CPU.ActiveCfg = Release|Any CPU
		{7E4279A8-2C8A-471D-8368-1833B72BE2AB}.Release|Any CPU.Build.0 = Release|Any CPU
		{7E4279A8-2C8A-471D-8368-1833B72BE2AB}.Release|x64.ActiveCfg = Release|Any CPU
		{7E4279A8-2C8A-471D-8368-1833B72BE2AB}.Release|x64.Build.0 = Release|Any CPU
		{7E4279A8-2C8A-471D-8368-1833B72BE2AB}.Release|x86.ActiveCfg = Release|Any CPU
		{7E4279A8-2C8A-471D-8368-1833B72BE2AB}.Release|x86.Build.0 = Release|Any CPU
		{5C9E0952-A4D3-4BDA-9318-E9BC2CA2923B}.Debug|Any CPU.ActiveCfg = Debug|Any CPU
		{5C9E0952-A4D3-4BDA-9318-E9BC2CA2923B}.Debug|Any CPU.Build.0 = Debug|Any CPU
		{5C9E0952-A4D3-4BDA-9318-E9BC2CA2923B}.Debug|x64.ActiveCfg = Debug|Any CPU
		{5C9E0952-A4D3-4BDA-9318-E9BC2CA2923B}.Debug|x64.Build.0 = Debug|Any CPU
		{5C9E0952-A4D3-4BDA-9318-E9BC2CA2923B}.Debug|x86.ActiveCfg = Debug|Any CPU
		{5C9E0952-A4D3-4BDA-9318-E9BC2CA2923B}.Debug|x86.Build.0 = Debug|Any CPU
		{5C9E0952-A4D3-4BDA-9318-E9BC2CA2923B}.Release|Any CPU.ActiveCfg = Release|Any CPU
		{5C9E0952-A4D3-4BDA-9318-E9BC2CA2923B}.Release|Any CPU.Build.0 = Release|Any CPU
		{5C9E0952-A4D3-4BDA-9318-E9BC2CA2923B}.Release|x64.ActiveCfg = Release|Any CPU
		{5C9E0952-A4D3-4BDA-9318-E9BC2CA2923B}.Release|x64.Build.0 = Release|Any CPU
		{5C9E0952-A4D3-4BDA-9318-E9BC2CA2923B}.Release|x86.ActiveCfg = Release|Any CPU
		{5C9E0952-A4D3-4BDA-9318-E9BC2CA2923B}.Release|x86.Build.0 = Release|Any CPU
		{B8CA06A6-31BD-48D0-9D20-73DD490E5028}.Debug|Any CPU.ActiveCfg = Debug|Any CPU
		{B8CA06A6-31BD-48D0-9D20-73DD490E5028}.Debug|Any CPU.Build.0 = Debug|Any CPU
		{B8CA06A6-31BD-48D0-9D20-73DD490E5028}.Debug|x64.ActiveCfg = Debug|Any CPU
		{B8CA06A6-31BD-48D0-9D20-73DD490E5028}.Debug|x64.Build.0 = Debug|Any CPU
		{B8CA06A6-31BD-48D0-9D20-73DD490E5028}.Debug|x86.ActiveCfg = Debug|Any CPU
		{B8CA06A6-31BD-48D0-9D20-73DD490E5028}.Debug|x86.Build.0 = Debug|Any CPU
		{B8CA06A6-31BD-48D0-9D20-73DD490E5028}.Release|Any CPU.ActiveCfg = Release|Any CPU
		{B8CA06A6-31BD-48D0-9D20-73DD490E5028}.Release|Any CPU.Build.0 = Release|Any CPU
		{B8CA06A6-31BD-48D0-9D20-73DD490E5028}.Release|x64.ActiveCfg = Release|Any CPU
		{B8CA06A6-31BD-48D0-9D20-73DD490E5028}.Release|x64.Build.0 = Release|Any CPU
		{B8CA06A6-31BD-48D0-9D20-73DD490E5028}.Release|x86.ActiveCfg = Release|Any CPU
		{B8CA06A6-31BD-48D0-9D20-73DD490E5028}.Release|x86.Build.0 = Release|Any CPU
		{C56A0764-79DE-4211-B125-C6461522B7CD}.Debug|Any CPU.ActiveCfg = Debug|Any CPU
		{C56A0764-79DE-4211-B125-C6461522B7CD}.Debug|Any CPU.Build.0 = Debug|Any CPU
		{C56A0764-79DE-4211-B125-C6461522B7CD}.Debug|x64.ActiveCfg = Debug|Any CPU
		{C56A0764-79DE-4211-B125-C6461522B7CD}.Debug|x64.Build.0 = Debug|Any CPU
		{C56A0764-79DE-4211-B125-C6461522B7CD}.Debug|x86.ActiveCfg = Debug|Any CPU
		{C56A0764-79DE-4211-B125-C6461522B7CD}.Debug|x86.Build.0 = Debug|Any CPU
		{C56A0764-79DE-4211-B125-C6461522B7CD}.Release|Any CPU.ActiveCfg = Release|Any CPU
		{C56A0764-79DE-4211-B125-C6461522B7CD}.Release|Any CPU.Build.0 = Release|Any CPU
		{C56A0764-79DE-4211-B125-C6461522B7CD}.Release|x64.ActiveCfg = Release|Any CPU
		{C56A0764-79DE-4211-B125-C6461522B7CD}.Release|x64.Build.0 = Release|Any CPU
		{C56A0764-79DE-4211-B125-C6461522B7CD}.Release|x86.ActiveCfg = Release|Any CPU
		{C56A0764-79DE-4211-B125-C6461522B7CD}.Release|x86.Build.0 = Release|Any CPU
	EndGlobalSection
	GlobalSection(SolutionProperties) = preSolution
		HideSolutionNode = FALSE
	EndGlobalSection
	GlobalSection(ExtensibilityGlobals) = postSolution
		SolutionGuid = {ABA3887E-9B67-4AA6-AAA3-35DC3FB20B63}
	EndGlobalSection
EndGlobal
